// !$*UTF8*$!
{
	archiveVersion = 1;
	classes = {
	};
	objectVersion = 56;
	objects = {

/* Begin PBXBuildFile section */
		14F4679A2C319B65001DF47E /* WildberriesApp.swift in Sources */ = {isa = PBXBuildFile; fileRef = 14F467992C319B65001DF47E /* WildberriesApp.swift */; };
		14F4679C2C319B65001DF47E /* ContentView.swift in Sources */ = {isa = PBXBuildFile; fileRef = 14F4679B2C319B65001DF47E /* ContentView.swift */; };
		14F4679E2C319B66001DF47E /* Assets.xcassets in Resources */ = {isa = PBXBuildFile; fileRef = 14F4679D2C319B66001DF47E /* Assets.xcassets */; };
		14F467A12C319B66001DF47E /* Preview Assets.xcassets in Resources */ = {isa = PBXBuildFile; fileRef = 14F467A02C319B66001DF47E /* Preview Assets.xcassets */; };
		14F467A82C319CCC001DF47E /* BackgroundView.swift in Sources */ = {isa = PBXBuildFile; fileRef = 14F467A72C319CCC001DF47E /* BackgroundView.swift */; };
		14F467AA2C319CE0001DF47E /* MediumView.swift in Sources */ = {isa = PBXBuildFile; fileRef = 14F467A92C319CE0001DF47E /* MediumView.swift */; };
		14F467AC2C319D15001DF47E /* CustomButton.swift in Sources */ = {isa = PBXBuildFile; fileRef = 14F467AB2C319D15001DF47E /* CustomButton.swift */; };
		14F467AE2C319D28001DF47E /* OTPTextFieldModifier.swift in Sources */ = {isa = PBXBuildFile; fileRef = 14F467AD2C319D28001DF47E /* OTPTextFieldModifier.swift */; };
		14F467B02C319D35001DF47E /* EnterCodeScreen.swift in Sources */ = {isa = PBXBuildFile; fileRef = 14F467AF2C319D35001DF47E /* EnterCodeScreen.swift */; };
/* End PBXBuildFile section */

/* Begin PBXFileReference section */
		14F467962C319B65001DF47E /* Wildberries.app */ = {isa = PBXFileReference; explicitFileType = wrapper.application; includeInIndex = 0; path = Wildberries.app; sourceTree = BUILT_PRODUCTS_DIR; };
		14F467992C319B65001DF47E /* WildberriesApp.swift */ = {isa = PBXFileReference; lastKnownFileType = sourcecode.swift; path = WildberriesApp.swift; sourceTree = "<group>"; };
		14F4679B2C319B65001DF47E /* ContentView.swift */ = {isa = PBXFileReference; lastKnownFileType = sourcecode.swift; path = ContentView.swift; sourceTree = "<group>"; };
		14F4679D2C319B66001DF47E /* Assets.xcassets */ = {isa = PBXFileReference; lastKnownFileType = folder.assetcatalog; path = Assets.xcassets; sourceTree = "<group>"; };
		14F467A02C319B66001DF47E /* Preview Assets.xcassets */ = {isa = PBXFileReference; lastKnownFileType = folder.assetcatalog; path = "Preview Assets.xcassets"; sourceTree = "<group>"; };
		14F467A72C319CCC001DF47E /* BackgroundView.swift */ = {isa = PBXFileReference; lastKnownFileType = sourcecode.swift; path = BackgroundView.swift; sourceTree = "<group>"; };
		14F467A92C319CE0001DF47E /* MediumView.swift */ = {isa = PBXFileReference; lastKnownFileType = sourcecode.swift; path = MediumView.swift; sourceTree = "<group>"; };
		14F467AB2C319D15001DF47E /* CustomButton.swift */ = {isa = PBXFileReference; lastKnownFileType = sourcecode.swift; path = CustomButton.swift; sourceTree = "<group>"; };
		14F467AD2C319D28001DF47E /* OTPTextFieldModifier.swift */ = {isa = PBXFileReference; lastKnownFileType = sourcecode.swift; path = OTPTextFieldModifier.swift; sourceTree = "<group>"; };
		14F467AF2C319D35001DF47E /* EnterCodeScreen.swift */ = {isa = PBXFileReference; lastKnownFileType = sourcecode.swift; path = EnterCodeScreen.swift; sourceTree = "<group>"; };
/* End PBXFileReference section */

/* Begin PBXFrameworksBuildPhase section */
		14F467932C319B65001DF47E /* Frameworks */ = {
			isa = PBXFrameworksBuildPhase;
			buildActionMask = 2147483647;
			files = (
			);
			runOnlyForDeploymentPostprocessing = 0;
		};
/* End PBXFrameworksBuildPhase section */

/* Begin PBXGroup section */
		14F4678D2C319B65001DF47E = {
			isa = PBXGroup;
			children = (
				14F467982C319B65001DF47E /* Wildberries */,
				14F467972C319B65001DF47E /* Products */,
			);
			sourceTree = "<group>";
		};
		14F467972C319B65001DF47E /* Products */ = {
			isa = PBXGroup;
			children = (
				14F467962C319B65001DF47E /* Wildberries.app */,
			);
			name = Products;
			sourceTree = "<group>";
		};
		14F467982C319B65001DF47E /* Wildberries */ = {
			isa = PBXGroup;
			children = (
				14F467992C319B65001DF47E /* WildberriesApp.swift */,
				14F4679B2C319B65001DF47E /* ContentView.swift */,
				14F4679D2C319B66001DF47E /* Assets.xcassets */,
				14F4679F2C319B66001DF47E /* Preview Content */,
				14F467A72C319CCC001DF47E /* BackgroundView.swift */,
				14F467A92C319CE0001DF47E /* MediumView.swift */,
				14F467AB2C319D15001DF47E /* CustomButton.swift */,
				14F467AD2C319D28001DF47E /* OTPTextFieldModifier.swift */,
				14F467AF2C319D35001DF47E /* EnterCodeScreen.swift */,
			);
			path = Wildberries;
			sourceTree = "<group>";
		};
		14F4679F2C319B66001DF47E /* Preview Content */ = {
			isa = PBXGroup;
			children = (
				14F467A02C319B66001DF47E /* Preview Assets.xcassets */,
			);
			path = "Preview Content";
			sourceTree = "<group>";
		};
/* End PBXGroup section */

/* Begin PBXNativeTarget section */
		14F467952C319B65001DF47E /* Wildberries */ = {
			isa = PBXNativeTarget;
			buildConfigurationList = 14F467A42C319B66001DF47E /* Build configuration list for PBXNativeTarget "Wildberries" */;
			buildPhases = (
				14F467922C319B65001DF47E /* Sources */,
				14F467932C319B65001DF47E /* Frameworks */,
				14F467942C319B65001DF47E /* Resources */,
			);
			buildRules = (
			);
			dependencies = (
			);
			name = Wildberries;
			productName = Wildberries;
			productReference = 14F467962C319B65001DF47E /* Wildberries.app */;
			productType = "com.apple.product-type.application";
		};
/* End PBXNativeTarget section */

/* Begin PBXProject section */
		14F4678E2C319B65001DF47E /* Project object */ = {
			isa = PBXProject;
			attributes = {
				BuildIndependentTargetsInParallel = 1;
				LastSwiftUpdateCheck = 1530;
				LastUpgradeCheck = 1530;
				TargetAttributes = {
					14F467952C319B65001DF47E = {
						CreatedOnToolsVersion = 15.3;
					};
				};
			};
			buildConfigurationList = 14F467912C319B65001DF47E /* Build configuration list for PBXProject "Wildberries" */;
			compatibilityVersion = "Xcode 14.0";
			developmentRegion = en;
			hasScannedForEncodings = 0;
			knownRegions = (
				en,
				Base,
			);
			mainGroup = 14F4678D2C319B65001DF47E;
			productRefGroup = 14F467972C319B65001DF47E /* Products */;
			projectDirPath = "";
			projectRoot = "";
			targets = (
				14F467952C319B65001DF47E /* Wildberries */,
			);
		};
/* End PBXProject section */

/* Begin PBXResourcesBuildPhase section */
		14F467942C319B65001DF47E /* Resources */ = {
			isa = PBXResourcesBuildPhase;
			buildActionMask = 2147483647;
			files = (
				14F467A12C319B66001DF47E /* Preview Assets.xcassets in Resources */,
				14F4679E2C319B66001DF47E /* Assets.xcassets in Resources */,
			);
			runOnlyForDeploymentPostprocessing = 0;
		};
/* End PBXResourcesBuildPhase section */

/* Begin PBXSourcesBuildPhase section */
		14F467922C319B65001DF47E /* Sources */ = {
			isa = PBXSourcesBuildPhase;
			buildActionMask = 2147483647;
			files = (
				14F467A82C319CCC001DF47E /* BackgroundView.swift in Sources */,
				14F467B02C319D35001DF47E /* EnterCodeScreen.swift in Sources */,
				14F4679C2C319B65001DF47E /* ContentView.swift in Sources */,
				14F4679A2C319B65001DF47E /* WildberriesApp.swift in Sources */,
				14F467AA2C319CE0001DF47E /* MediumView.swift in Sources */,
				14F467AE2C319D28001DF47E /* OTPTextFieldModifier.swift in Sources */,
				14F467AC2C319D15001DF47E /* CustomButton.swift in Sources */,
			);
			runOnlyForDeploymentPostprocessing = 0;
		};
/* End PBXSourcesBuildPhase section */

/* Begin XCBuildConfiguration section */
		14F467A22C319B66001DF47E /* Debug */ = {
			isa = XCBuildConfiguration;
			buildSettings = {
				ALWAYS_SEARCH_USER_PATHS = NO;
				ASSETCATALOG_COMPILER_GENERATE_SWIFT_ASSET_SYMBOL_EXTENSIONS = YES;
				CLANG_ANALYZER_NONNULL = YES;
				CLANG_ANALYZER_NUMBER_OBJECT_CONVERSION = YES_AGGRESSIVE;
				CLANG_CXX_LANGUAGE_STANDARD = "gnu++20";
				CLANG_ENABLE_MODULES = YES;
				CLANG_ENABLE_OBJC_ARC = YES;
				CLANG_ENABLE_OBJC_WEAK = YES;
				CLANG_WARN_BLOCK_CAPTURE_AUTORELEASING = YES;
				CLANG_WARN_BOOL_CONVERSION = YES;
				CLANG_WARN_COMMA = YES;
				CLANG_WARN_CONSTANT_CONVERSION = YES;
				CLANG_WARN_DEPRECATED_OBJC_IMPLEMENTATIONS = YES;
				CLANG_WARN_DIRECT_OBJC_ISA_USAGE = YES_ERROR;
				CLANG_WARN_DOCUMENTATION_COMMENTS = YES;
				CLANG_WARN_EMPTY_BODY = YES;
				CLANG_WARN_ENUM_CONVERSION = YES;
				CLANG_WARN_INFINITE_RECURSION = YES;
				CLANG_WARN_INT_CONVERSION = YES;
				CLANG_WARN_NON_LITERAL_NULL_CONVERSION = YES;
				CLANG_WARN_OBJC_IMPLICIT_RETAIN_SELF = YES;
				CLANG_WARN_OBJC_LITERAL_CONVERSION = YES;
				CLANG_WARN_OBJC_ROOT_CLASS = YES_ERROR;
				CLANG_WARN_QUOTED_INCLUDE_IN_FRAMEWORK_HEADER = YES;
				CLANG_WARN_RANGE_LOOP_ANALYSIS = YES;
				CLANG_WARN_STRICT_PROTOTYPES = YES;
				CLANG_WARN_SUSPICIOUS_MOVE = YES;
				CLANG_WARN_UNGUARDED_AVAILABILITY = YES_AGGRESSIVE;
				CLANG_WARN_UNREACHABLE_CODE = YES;
				CLANG_WARN__DUPLICATE_METHOD_MATCH = YES;
				COPY_PHASE_STRIP = NO;
				DEBUG_INFORMATION_FORMAT = dwarf;
				ENABLE_STRICT_OBJC_MSGSEND = YES;
				ENABLE_TESTABILITY = YES;
				ENABLE_USER_SCRIPT_SANDBOXING = YES;
				GCC_C_LANGUAGE_STANDARD = gnu17;
				GCC_DYNAMIC_NO_PIC = NO;
				GCC_NO_COMMON_BLOCKS = YES;
				GCC_OPTIMIZATION_LEVEL = 0;
				GCC_PREPROCESSOR_DEFINITIONS = (
					"DEBUG=1",
					"$(inherited)",
				);
				GCC_WARN_64_TO_32_BIT_CONVERSION = YES;
				GCC_WARN_ABOUT_RETURN_TYPE = YES_ERROR;
				GCC_WARN_UNDECLARED_SELECTOR = YES;
				GCC_WARN_UNINITIALIZED_AUTOS = YES_AGGRESSIVE;
				GCC_WARN_UNUSED_FUNCTION = YES;
				GCC_WARN_UNUSED_VARIABLE = YES;
				IPHONEOS_DEPLOYMENT_TARGET = 17.4;
				LOCALIZATION_PREFERS_STRING_CATALOGS = YES;
				MTL_ENABLE_DEBUG_INFO = INCLUDE_SOURCE;
				MTL_FAST_MATH = YES;
				ONLY_ACTIVE_ARCH = YES;
				SDKROOT = iphoneos;
				SWIFT_ACTIVE_COMPILATION_CONDITIONS = "DEBUG $(inherited)";
				SWIFT_OPTIMIZATION_LEVEL = "-Onone";
			};
			name = Debug;
		};
		14F467A32C319B66001DF47E /* Release */ = {
			isa = XCBuildConfiguration;
			buildSettings = {
				ALWAYS_SEARCH_USER_PATHS = NO;
				ASSETCATALOG_COMPILER_GENERATE_SWIFT_ASSET_SYMBOL_EXTENSIONS = YES;
				CLANG_ANALYZER_NONNULL = YES;
				CLANG_ANALYZER_NUMBER_OBJECT_CONVERSION = YES_AGGRESSIVE;
				CLANG_CXX_LANGUAGE_STANDARD = "gnu++20";
				CLANG_ENABLE_MODULES = YES;
				CLANG_ENABLE_OBJC_ARC = YES;
				CLANG_ENABLE_OBJC_WEAK = YES;
				CLANG_WARN_BLOCK_CAPTURE_AUTORELEASING = YES;
				CLANG_WARN_BOOL_CONVERSION = YES;
				CLANG_WARN_COMMA = YES;
				CLANG_WARN_CONSTANT_CONVERSION = YES;
				CLANG_WARN_DEPRECATED_OBJC_IMPLEMENTATIONS = YES;
				CLANG_WARN_DIRECT_OBJC_ISA_USAGE = YES_ERROR;
				CLANG_WARN_DOCUMENTATION_COMMENTS = YES;
				CLANG_WARN_EMPTY_BODY = YES;
				CLANG_WARN_ENUM_CONVERSION = YES;
				CLANG_WARN_INFINITE_RECURSION = YES;
				CLANG_WARN_INT_CONVERSION = YES;
				CLANG_WARN_NON_LITERAL_NULL_CONVERSION = YES;
				CLANG_WARN_OBJC_IMPLICIT_RETAIN_SELF = YES;
				CLANG_WARN_OBJC_LITERAL_CONVERSION = YES;
				CLANG_WARN_OBJC_ROOT_CLASS = YES_ERROR;
				CLANG_WARN_QUOTED_INCLUDE_IN_FRAMEWORK_HEADER = YES;
				CLANG_WARN_RANGE_LOOP_ANALYSIS = YES;
				CLANG_WARN_STRICT_PROTOTYPES = YES;
				CLANG_WARN_SUSPICIOUS_MOVE = YES;
				CLANG_WARN_UNGUARDED_AVAILABILITY = YES_AGGRESSIVE;
				CLANG_WARN_UNREACHABLE_CODE = YES;
				CLANG_WARN__DUPLICATE_METHOD_MATCH = YES;
				COPY_PHASE_STRIP = NO;
				DEBUG_INFORMATION_FORMAT = "dwarf-with-dsym";
				ENABLE_NS_ASSERTIONS = NO;
				ENABLE_STRICT_OBJC_MSGSEND = YES;
				ENABLE_USER_SCRIPT_SANDBOXING = YES;
				GCC_C_LANGUAGE_STANDARD = gnu17;
				GCC_NO_COMMON_BLOCKS = YES;
				GCC_WARN_64_TO_32_BIT_CONVERSION = YES;
				GCC_WARN_ABOUT_RETURN_TYPE = YES_ERROR;
				GCC_WARN_UNDECLARED_SELECTOR = YES;
				GCC_WARN_UNINITIALIZED_AUTOS = YES_AGGRESSIVE;
				GCC_WARN_UNUSED_FUNCTION = YES;
				GCC_WARN_UNUSED_VARIABLE = YES;
				IPHONEOS_DEPLOYMENT_TARGET = 17.4;
				LOCALIZATION_PREFERS_STRING_CATALOGS = YES;
				MTL_ENABLE_DEBUG_INFO = NO;
				MTL_FAST_MATH = YES;
				SDKROOT = iphoneos;
				SWIFT_COMPILATION_MODE = wholemodule;
				VALIDATE_PRODUCT = YES;
			};
			name = Release;
		};
		14F467A52C319B66001DF47E /* Debug */ = {
			isa = XCBuildConfiguration;
			buildSettings = {
				ASSETCATALOG_COMPILER_APPICON_NAME = AppIcon;
				ASSETCATALOG_COMPILER_GLOBAL_ACCENT_COLOR_NAME = AccentColor;
				CODE_SIGN_STYLE = Automatic;
				CURRENT_PROJECT_VERSION = 1;
				DEVELOPMENT_ASSET_PATHS = "\"Wildberries/Preview Content\"";
				DEVELOPMENT_TEAM = CFXRPX9WGK;
				ENABLE_PREVIEWS = YES;
				GENERATE_INFOPLIST_FILE = YES;
				INFOPLIST_KEY_UIApplicationSceneManifest_Generation = YES;
				INFOPLIST_KEY_UIApplicationSupportsIndirectInputEvents = YES;
				INFOPLIST_KEY_UILaunchScreen_Generation = YES;
				INFOPLIST_KEY_UISupportedInterfaceOrientations_iPad = "UIInterfaceOrientationPortrait UIInterfaceOrientationPortraitUpsideDown UIInterfaceOrientationLandscapeLeft UIInterfaceOrientationLandscapeRight";
				INFOPLIST_KEY_UISupportedInterfaceOrientations_iPhone = "UIInterfaceOrientationPortrait UIInterfaceOrientationLandscapeLeft UIInterfaceOrientationLandscapeRight";
				IPHONEOS_DEPLOYMENT_TARGET = 16.6;
				LD_RUNPATH_SEARCH_PATHS = (
					"$(inherited)",
					"@executable_path/Frameworks",
				);
				MARKETING_VERSION = 1.0;
				PRODUCT_BUNDLE_IDENTIFIER = "Vladimir-Murashka.Wildberries";
				PRODUCT_NAME = "$(TARGET_NAME)";
				SWIFT_EMIT_LOC_STRINGS = YES;
				SWIFT_VERSION = 5.0;
				TARGETED_DEVICE_FAMILY = "1,2";
			};
			name = Debug;
		};
		14F467A62C319B66001DF47E /* Release */ = {
			isa = XCBuildConfiguration;
			buildSettings = {
				ASSETCATALOG_COMPILER_APPICON_NAME = AppIcon;
				ASSETCATALOG_COMPILER_GLOBAL_ACCENT_COLOR_NAME = AccentColor;
				CODE_SIGN_STYLE = Automatic;
				CURRENT_PROJECT_VERSION = 1;
				DEVELOPMENT_ASSET_PATHS = "\"Wildberries/Preview Content\"";
				DEVELOPMENT_TEAM = CFXRPX9WGK;
				ENABLE_PREVIEWS = YES;
				GENERATE_INFOPLIST_FILE = YES;
				INFOPLIST_KEY_UIApplicationSceneManifest_Generation = YES;
				INFOPLIST_KEY_UIApplicationSupportsIndirectInputEvents = YES;
				INFOPLIST_KEY_UILaunchScreen_Generation = YES;
				INFOPLIST_KEY_UISupportedInterfaceOrientations_iPad = "UIInterfaceOrientationPortrait UIInterfaceOrientationPortraitUpsideDown UIInterfaceOrientationLandscapeLeft UIInterfaceOrientationLandscapeRight";
				INFOPLIST_KEY_UISupportedInterfaceOrientations_iPhone = "UIInterfaceOrientationPortrait UIInterfaceOrientationLandscapeLeft UIInterfaceOrientationLandscapeRight";
				IPHONEOS_DEPLOYMENT_TARGET = 16.6;
				LD_RUNPATH_SEARCH_PATHS = (
					"$(inherited)",
					"@executable_path/Frameworks",
				);
				MARKETING_VERSION = 1.0;
				PRODUCT_BUNDLE_IDENTIFIER = "Vladimir-Murashka.Wildberries";
				PRODUCT_NAME = "$(TARGET_NAME)";
				SWIFT_EMIT_LOC_STRINGS = YES;
				SWIFT_VERSION = 5.0;
				TARGETED_DEVICE_FAMILY = "1,2";
			};
			name = Release;
		};
/* End XCBuildConfiguration section */

/* Begin XCConfigurationList section */
		14F467912C319B65001DF47E /* Build configuration list for PBXProject "Wildberries" */ = {
			isa = XCConfigurationList;
			buildConfigurations = (
				14F467A22C319B66001DF47E /* Debug */,
				14F467A32C319B66001DF47E /* Release */,
			);
			defaultConfigurationIsVisible = 0;
			defaultConfigurationName = Release;
		};
		14F467A42C319B66001DF47E /* Build configuration list for PBXNativeTarget "Wildberries" */ = {
			isa = XCConfigurationList;
			buildConfigurations = (
				14F467A52C319B66001DF47E /* Debug */,
				14F467A62C319B66001DF47E /* Release */,
			);
			defaultConfigurationIsVisible = 0;
			defaultConfigurationName = Release;
		};
/* End XCConfigurationList section */
	};
	rootObject = 14F4678E2C319B65001DF47E /* Project object */;
}
